<?xml version="1.0" encoding="utf-8"?>
<Project ToolsVersion="4.0" xmlns="http://schemas.microsoft.com/developer/msbuild/2003">
  <ItemGroup>
    <Filter Include="Source Files">
      <UniqueIdentifier>{4FC737F1-C7A5-4376-A066-2A32D752A2FF}</UniqueIdentifier>
      <Extensions>cpp;c;cc;cxx;def;odl;idl;hpj;bat;asm;asmx</Extensions>
    </Filter>
    <Filter Include="Header Files">
      <UniqueIdentifier>{93995380-89BD-4b04-88EB-625FBE52EBFB}</UniqueIdentifier>
      <Extensions>h;hh;hpp;hxx;hm;inl;inc;xsd</Extensions>
    </Filter>
    <Filter Include="Resource Files">
      <UniqueIdentifier>{67DA6AB6-F800-4c08-8B7A-83BB121AAD01}</UniqueIdentifier>
      <Extensions>rc;ico;cur;bmp;dlg;rc2;rct;bin;rgs;gif;jpg;jpeg;jpe;resx;tiff;tif;png;wav;mfcribbon-ms</Extensions>
    </Filter>
    <Filter Include="Header Files\Collisions">
      <UniqueIdentifier>{5c720b04-6d6c-4006-8ce5-39acdebd3f7f}</UniqueIdentifier>
    </Filter>
    <Filter Include="Source Files\Collisions">
      <UniqueIdentifier>{4413542c-a52b-42b7-aa34-597f43a7789f}</UniqueIdentifier>
    </Filter>
    <Filter Include="Source Files\GameObjects">
      <UniqueIdentifier>{53b1ab3c-9e8b-48d1-8b3f-9c81929ae60e}</UniqueIdentifier>
    </Filter>
    <Filter Include="Source Files\GameObjects\Enemy">
      <UniqueIdentifier>{42c16bca-c32d-4d2d-96b0-e9bb33640098}</UniqueIdentifier>
    </Filter>
    <Filter Include="Source Files\Controller">
      <UniqueIdentifier>{60f9e246-2d73-428d-b6f6-a2fdb965d170}</UniqueIdentifier>
    </Filter>
    <Filter Include="Header Files\Game">
      <UniqueIdentifier>{b72cb61a-eef8-4a78-9f4d-667ae3439152}</UniqueIdentifier>
    </Filter>
    <Filter Include="Source Files\Game">
      <UniqueIdentifier>{ce1d7079-7f49-4c58-a716-994548a080d2}</UniqueIdentifier>
    </Filter>
    <Filter Include="Header Files\GameObjects">
      <UniqueIdentifier>{6b50c55d-bb7b-4f06-b6d4-ed153cb9d579}</UniqueIdentifier>
    </Filter>
    <Filter Include="Header Files\GameObjects\Enemy">
      <UniqueIdentifier>{3d22cd06-7b8f-4585-8722-8356248944f1}</UniqueIdentifier>
    </Filter>
    <Filter Include="Source Files\Controller\NEAT">
      <UniqueIdentifier>{e10f8985-fca7-4404-b404-b7b11be3e00c}</UniqueIdentifier>
    </Filter>
    <Filter Include="Header Files\Controller">
      <UniqueIdentifier>{9a3b06b7-1634-46f0-8dbe-b0f37e6b9d03}</UniqueIdentifier>
    </Filter>
    <Filter Include="Header Files\Controller\NEAT">
      <UniqueIdentifier>{f0a9290e-e72d-413d-b1fc-1b9b36609e29}</UniqueIdentifier>
    </Filter>
    <Filter Include="Resource Files\Sprites">
      <UniqueIdentifier>{ca5aec02-5173-4b4b-8679-34e9380b75f7}</UniqueIdentifier>
    </Filter>
    <Filter Include="Source Files\Drawables">
      <UniqueIdentifier>{4af45122-8b6b-4ec2-a4ad-87425d99f196}</UniqueIdentifier>
    </Filter>
    <Filter Include="Header Files\Drawables">
      <UniqueIdentifier>{e2be84d4-4877-4e24-bebd-d30c0ed37566}</UniqueIdentifier>
    </Filter>
    <Filter Include="Resource Files\Fonts">
      <UniqueIdentifier>{25c37512-0103-4fcc-9812-6af5e97cde83}</UniqueIdentifier>
    </Filter>
    <Filter Include="Header Files\GameStates">
      <UniqueIdentifier>{c3a5d95f-eeb9-48e0-a3d4-8e89830b636c}</UniqueIdentifier>
    </Filter>
    <Filter Include="Source Files\GameStates">
      <UniqueIdentifier>{2af2cd57-0d93-476b-877f-13fbbc91894e}</UniqueIdentifier>
    </Filter>
    <Filter Include="Resource Files\Shaders">
      <UniqueIdentifier>{a34805c1-89c8-4bdd-8303-c4dbafd411bf}</UniqueIdentifier>
    </Filter>
    <Filter Include="Header Files\Utilities">
      <UniqueIdentifier>{cb37fd3f-cd14-4baa-8620-a3c52bae6df9}</UniqueIdentifier>
    </Filter>
    <Filter Include="Source Files\Utilities">
      <UniqueIdentifier>{a288947d-441e-4003-b8c0-569d3292e427}</UniqueIdentifier>
    </Filter>
  </ItemGroup>
  <ItemGroup>
    <ClCompile Include="Code\Collisions\CollisionManager.cpp">
      <Filter>Source Files\Collisions</Filter>
    </ClCompile>
    <ClCompile Include="Code\Collisions\Grid.cpp">
      <Filter>Source Files\Collisions</Filter>
    </ClCompile>
    <ClCompile Include="Code\Collisions\Tile.cpp">
      <Filter>Source Files\Collisions</Filter>
    </ClCompile>
    <ClCompile Include="Code\NEAT\Cga.cpp">
      <Filter>Source Files\Controller\NEAT</Filter>
    </ClCompile>
    <ClCompile Include="Code\NEAT\CInnovation.cpp">
      <Filter>Source Files\Controller\NEAT</Filter>
    </ClCompile>
    <ClCompile Include="Code\NEAT\CParams.cpp">
      <Filter>Source Files\Controller\NEAT</Filter>
    </ClCompile>
    <ClCompile Include="Code\NEAT\CSpecies.cpp">
      <Filter>Source Files\Controller\NEAT</Filter>
    </ClCompile>
    <ClCompile Include="Code\NEAT\CTimer.cpp">
      <Filter>Source Files\Controller\NEAT</Filter>
    </ClCompile>
    <ClCompile Include="Code\NEAT\genotype.cpp">
      <Filter>Source Files\Controller\NEAT</Filter>
    </ClCompile>
    <ClCompile Include="Code\NEAT\phenotype.cpp">
      <Filter>Source Files\Controller\NEAT</Filter>
    </ClCompile>
    <ClCompile Include="Code\Controller\ANNView.cpp">
      <Filter>Source Files\Controller</Filter>
    </ClCompile>
    <ClCompile Include="Code\Controller\Controller.cpp">
      <Filter>Source Files\Controller</Filter>
    </ClCompile>
    <ClCompile Include="Code\Controller\ControllerManager.cpp">
      <Filter>Source Files\Controller</Filter>
    </ClCompile>
    <ClCompile Include="Code\Game\Camera.cpp">
      <Filter>Source Files\Game</Filter>
    </ClCompile>
    <ClCompile Include="Code\Game\GameManager.cpp">
      <Filter>Source Files\Game</Filter>
    </ClCompile>
    <ClCompile Include="Code\Game\Logger.cpp">
      <Filter>Source Files\Game</Filter>
    </ClCompile>
    <ClCompile Include="Code\Game\TextureManager.cpp">
      <Filter>Source Files\Game</Filter>
    </ClCompile>
    <ClCompile Include="Code\Game\World.cpp">
      <Filter>Source Files\Game</Filter>
    </ClCompile>
    <ClCompile Include="Code\Drawables\Sprite.cpp">
      <Filter>Source Files\Drawables</Filter>
    </ClCompile>
    <ClCompile Include="Code\main.cpp">
      <Filter>Source Files</Filter>
    </ClCompile>
    <ClCompile Include="Code\GameObjects\Object.cpp">
      <Filter>Source Files\GameObjects</Filter>
    </ClCompile>
    <ClCompile Include="Code\GameStates\GameStateMgr.cpp">
      <Filter>Source Files\GameStates</Filter>
    </ClCompile>
    <ClCompile Include="Code\GameStates\PlayerState.cpp">
      <Filter>Source Files\GameStates</Filter>
    </ClCompile>
    <ClCompile Include="Code\GameStates\MainState.cpp">
      <Filter>Source Files\GameStates</Filter>
    </ClCompile>
    <ClCompile Include="Code\GameStates\GameState.cpp">
      <Filter>Source Files\GameStates</Filter>
    </ClCompile>
    <ClCompile Include="Code\GameStates\DebugState.cpp">
      <Filter>Source Files\GameStates</Filter>
    </ClCompile>
    <ClCompile Include="Code\GameObjects\Enemy.cpp">
      <Filter>Source Files\GameObjects\Enemy</Filter>
    </ClCompile>
    <ClCompile Include="Code\GameObjects\Bill.cpp">
      <Filter>Source Files\GameObjects\Enemy</Filter>
    </ClCompile>
    <ClCompile Include="Code\GameObjects\Koopa.cpp">
      <Filter>Source Files\GameObjects\Enemy</Filter>
    </ClCompile>
    <ClCompile Include="Code\GameObjects\Chuck.cpp">
      <Filter>Source Files\GameObjects\Enemy</Filter>
    </ClCompile>
    <ClCompile Include="Code\GameObjects\PPlant.cpp">
      <Filter>Source Files\GameObjects\Enemy</Filter>
    </ClCompile>
    <ClCompile Include="Code\GameObjects\Rex.cpp">
      <Filter>Source Files\GameObjects\Enemy</Filter>
    </ClCompile>
    <ClCompile Include="Code\GameObjects\Box.cpp">
      <Filter>Source Files\GameObjects</Filter>
    </ClCompile>
    <ClCompile Include="Code\GameObjects\Collectables.cpp">
      <Filter>Source Files\GameObjects</Filter>
    </ClCompile>
    <ClCompile Include="Code\GameObjects\Player.cpp">
      <Filter>Source Files\GameObjects</Filter>
    </ClCompile>
    <ClCompile Include="Code\Collisions\AABB.cpp">
      <Filter>Source Files\Collisions</Filter>
    </ClCompile>
    <ClCompile Include="Code\Utilities\Point.cpp">
      <Filter>Source Files\Utilities</Filter>
    </ClCompile>
    <ClCompile Include="Code\Utilities\Utilities.cpp">
      <Filter>Source Files\Utilities</Filter>
    </ClCompile>
    <ClCompile Include="Code\Game\FontManager.cpp">
      <Filter>Source Files\Game</Filter>
    </ClCompile>
    <ClCompile Include="Code\Game\PhysicsController.cpp">
      <Filter>Source Files\Game</Filter>
    </ClCompile>
    <ClCompile Include="Code\Game\Timer.cpp">
      <Filter>Source Files\Game</Filter>
    </ClCompile>
  </ItemGroup>
  <ItemGroup>
    <ClInclude Include="Code\Collisions\CollisionManager.h">
      <Filter>Header Files\Collisions</Filter>
    </ClInclude>
    <ClInclude Include="Code\Collisions\Grid.h">
      <Filter>Header Files\Collisions</Filter>
    </ClInclude>
    <ClInclude Include="Code\Collisions\Tile.h">
      <Filter>Header Files\Collisions</Filter>
    </ClInclude>
    <ClInclude Include="Code\NEAT\Cga.h">
      <Filter>Header Files\Controller\NEAT</Filter>
    </ClInclude>
    <ClInclude Include="Code\NEAT\CInnovation.h">
      <Filter>Header Files\Controller\NEAT</Filter>
    </ClInclude>
    <ClInclude Include="Code\NEAT\CParams.h">
      <Filter>Header Files\Controller\NEAT</Filter>
    </ClInclude>
    <ClInclude Include="Code\NEAT\CSpecies.h">
      <Filter>Header Files\Controller\NEAT</Filter>
    </ClInclude>
    <ClInclude Include="Code\NEAT\CTimer.h">
      <Filter>Header Files\Controller\NEAT</Filter>
    </ClInclude>
    <ClInclude Include="Code\NEAT\defines.h">
      <Filter>Header Files\Controller\NEAT</Filter>
    </ClInclude>
    <ClInclude Include="Code\NEAT\genes.h">
      <Filter>Header Files\Controller\NEAT</Filter>
    </ClInclude>
    <ClInclude Include="Code\NEAT\genotype.h">
      <Filter>Header Files\Controller\NEAT</Filter>
    </ClInclude>
    <ClInclude Include="Code\NEAT\phenotype.h">
      <Filter>Header Files\Controller\NEAT</Filter>
    </ClInclude>
    <ClInclude Include="Code\NEAT\resource.h">
      <Filter>Header Files\Controller\NEAT</Filter>
    </ClInclude>
    <ClInclude Include="Code\NEAT\Utils.h">
      <Filter>Header Files\Controller\NEAT</Filter>
    </ClInclude>
    <ClInclude Include="Code\Controller\ANNView.h">
      <Filter>Header Files\Controller</Filter>
    </ClInclude>
    <ClInclude Include="Code\Controller\Controller.h">
      <Filter>Header Files\Controller</Filter>
    </ClInclude>
    <ClInclude Include="Code\Controller\ControllerManager.h">
      <Filter>Header Files\Controller</Filter>
    </ClInclude>
    <ClInclude Include="Code\Game\Camera.h">
      <Filter>Header Files\Game</Filter>
    </ClInclude>
    <ClInclude Include="Code\Game\Constants.h">
      <Filter>Header Files\Game</Filter>
    </ClInclude>
    <ClInclude Include="Code\Game\GameManager.h">
      <Filter>Header Files\Game</Filter>
    </ClInclude>
    <ClInclude Include="Code\Game\Logger.h">
      <Filter>Header Files\Game</Filter>
    </ClInclude>
    <ClInclude Include="Code\Game\World.h">
      <Filter>Header Files\Game</Filter>
    </ClInclude>
    <ClInclude Include="Code\Game\TextureManager.h">
      <Filter>Header Files\Game</Filter>
    </ClInclude>
    <ClInclude Include="Code\Drawables\Sprite.h">
      <Filter>Header Files\Drawables</Filter>
    </ClInclude>
    <ClInclude Include="Code\GameStates\GameState.h">
      <Filter>Header Files\GameStates</Filter>
    </ClInclude>
    <ClInclude Include="Code\GameStates\GameStateMgr.h">
      <Filter>Header Files\GameStates</Filter>
    </ClInclude>
    <ClInclude Include="Code\GameStates\PlayerState.h">
      <Filter>Header Files\GameStates</Filter>
    </ClInclude>
    <ClInclude Include="Code\GameStates\MainState.h">
      <Filter>Header Files\GameStates</Filter>
    </ClInclude>
    <ClInclude Include="Code\GameStates\DebugState.h">
      <Filter>Header Files\GameStates</Filter>
    </ClInclude>
    <ClInclude Include="Code\GameObjects\Enemy.h">
      <Filter>Header Files\GameObjects\Enemy</Filter>
    </ClInclude>
    <ClInclude Include="Code\GameObjects\Bill.h">
      <Filter>Header Files\GameObjects\Enemy</Filter>
    </ClInclude>
    <ClInclude Include="Code\GameObjects\Koopa.h">
      <Filter>Header Files\GameObjects\Enemy</Filter>
    </ClInclude>
    <ClInclude Include="Code\GameObjects\Chuck.h">
      <Filter>Header Files\GameObjects\Enemy</Filter>
    </ClInclude>
    <ClInclude Include="Code\GameObjects\PPlant.h">
      <Filter>Header Files\GameObjects\Enemy</Filter>
    </ClInclude>
    <ClInclude Include="Code\GameObjects\Rex.h">
      <Filter>Header Files\GameObjects\Enemy</Filter>
    </ClInclude>
    <ClInclude Include="Code\GameObjects\Object.h">
      <Filter>Header Files\GameObjects</Filter>
    </ClInclude>
    <ClInclude Include="Code\GameObjects\Box.h">
      <Filter>Header Files\GameObjects</Filter>
    </ClInclude>
    <ClInclude Include="Code\GameObjects\Collectables.h">
      <Filter>Header Files\GameObjects</Filter>
    </ClInclude>
    <ClInclude Include="Code\GameObjects\Player.h">
      <Filter>Header Files\GameObjects</Filter>
    </ClInclude>
    <ClInclude Include="Code\Collisions\AABB.h">
      <Filter>Header Files\Collisions</Filter>
    </ClInclude>
    <ClInclude Include="Code\Utilities\Point.h">
      <Filter>Header Files\Utilities</Filter>
    </ClInclude>
    <ClInclude Include="Code\Utilities\Utilities.h">
      <Filter>Header Files\Utilities</Filter>
    </ClInclude>
    <ClInclude Include="Code\Game\FontManager.h">
      <Filter>Header Files\Game</Filter>
    </ClInclude>
    <ClInclude Include="Code\Game\PhysicsController.h">
      <Filter>Header Files\Game</Filter>
    </ClInclude>
    <ClInclude Include="Code\Game\Timer.h">
      <Filter>Header Files\Game</Filter>
    </ClInclude>
  </ItemGroup>
  <ItemGroup>
    <Text Include="Resources\TileTypes.txt">
      <Filter>Resource Files</Filter>
    </Text>
  </ItemGroup>
  <ItemGroup>
    <None Include="Code\NEAT\params.ini">
      <Filter>Header Files\Controller\NEAT</Filter>
    </None>
    <None Include="Resources\Shaders\FlashShader.frag">
      <Filter>Resource Files\Shaders</Filter>
    </None>
  </ItemGroup>
  <ItemGroup>
    <Font Include="Resources\Fonts\arial.ttf">
      <Filter>Resource Files\Fonts</Filter>
    </Font>
  </ItemGroup>
  <ItemGroup>
    <Image Include="Resources\Sprites\Background.png">
      <Filter>Resource Files\Sprites</Filter>
    </Image>
    <Image Include="Resources\Sprites\Bill.png">
      <Filter>Resource Files\Sprites</Filter>
    </Image>
    <Image Include="Resources\Sprites\ChkPnt.png">
      <Filter>Resource Files\Sprites</Filter>
    </Image>
    <Image Include="Resources\Sprites\Chuck.png">
      <Filter>Resource Files\Sprites</Filter>
    </Image>
    <Image Include="Resources\Sprites\Goal.png">
      <Filter>Resource Files\Sprites</Filter>
    </Image>
    <Image Include="Resources\Sprites\Koopa.png">
      <Filter>Resource Files\Sprites</Filter>
    </Image>
    <Image Include="Resources\Sprites\Mario.png">
      <Filter>Resource Files\Sprites</Filter>
    </Image>
    <Image Include="Resources\Sprites\Name.png">
      <Filter>Resource Files\Sprites</Filter>
    </Image>
    <Image Include="Resources\Sprites\Pipe1.png">
      <Filter>Resource Files\Sprites</Filter>
    </Image>
    <Image Include="Resources\Sprites\Pipe2.png">
      <Filter>Resource Files\Sprites</Filter>
    </Image>
    <Image Include="Resources\Sprites\Pipe3.png">
      <Filter>Resource Files\Sprites</Filter>
    </Image>
    <Image Include="Resources\Sprites\PPlant.png">
      <Filter>Resource Files\Sprites</Filter>
    </Image>
    <Image Include="Resources\Sprites\QBox.png">
      <Filter>Resource Files\Sprites</Filter>
    </Image>
    <Image Include="Resources\Sprites\Rex.png">
      <Filter>Resource Files\Sprites</Filter>
    </Image>
    <Image Include="Resources\Sprites\SBox.png">
      <Filter>Resource Files\Sprites</Filter>
    </Image>
    <Image Include="Resources\Sprites\Shroom.png">
      <Filter>Resource Files\Sprites</Filter>
    </Image>
    <Image Include="Resources\Sprites\Super.png">
      <Filter>Resource Files\Sprites</Filter>
    </Image>
    <Image Include="Resources\Sprites\Time.png">
      <Filter>Resource Files\Sprites</Filter>
    </Image>
    <Image Include="Resources\Sprites\Ycoin.png">
      <Filter>Resource Files\Sprites</Filter>
    </Image>
    <Image Include="Resources\Sprites\Coin.png">
      <Filter>Resource Files\Sprites</Filter>
    </Image>
  </ItemGroup>
</Project>